<?xml version="1.0" encoding="UTF-8"?>
<Project ToolsVersion="14.0" xmlns="http://schemas.microsoft.com/developer/msbuild/2003">
  <ItemGroup>
    <ClCompile Include="D:\code\go\src\github.com\nats-io\cnats\src\asynccb.c">
      <Filter>Source Files</Filter>
    </ClCompile>
    <ClCompile Include="D:\code\go\src\github.com\nats-io\cnats\src\buf.c">
      <Filter>Source Files</Filter>
    </ClCompile>
    <ClCompile Include="D:\code\go\src\github.com\nats-io\cnats\src\comsock.c">
      <Filter>Source Files</Filter>
    </ClCompile>
    <ClCompile Include="D:\code\go\src\github.com\nats-io\cnats\src\conn.c">
      <Filter>Source Files</Filter>
    </ClCompile>
    <ClCompile Include="D:\code\go\src\github.com\nats-io\cnats\src\hash.c">
      <Filter>Source Files</Filter>
    </ClCompile>
    <ClCompile Include="D:\code\go\src\github.com\nats-io\cnats\src\msg.c">
      <Filter>Source Files</Filter>
    </ClCompile>
    <ClCompile Include="D:\code\go\src\github.com\nats-io\cnats\src\nats.c">
      <Filter>Source Files</Filter>
    </ClCompile>
    <ClCompile Include="D:\code\go\src\github.com\nats-io\cnats\src\natstime.c">
      <Filter>Source Files</Filter>
    </ClCompile>
    <ClCompile Include="D:\code\go\src\github.com\nats-io\cnats\src\nuid.c">
      <Filter>Source Files</Filter>
    </ClCompile>
    <ClCompile Include="D:\code\go\src\github.com\nats-io\cnats\src\opts.c">
      <Filter>Source Files</Filter>
    </ClCompile>
    <ClCompile Include="D:\code\go\src\github.com\nats-io\cnats\src\parser.c">
      <Filter>Source Files</Filter>
    </ClCompile>
    <ClCompile Include="D:\code\go\src\github.com\nats-io\cnats\src\pub.c">
      <Filter>Source Files</Filter>
    </ClCompile>
    <ClCompile Include="D:\code\go\src\github.com\nats-io\cnats\src\srvpool.c">
      <Filter>Source Files</Filter>
    </ClCompile>
    <ClCompile Include="D:\code\go\src\github.com\nats-io\cnats\src\stats.c">
      <Filter>Source Files</Filter>
    </ClCompile>
    <ClCompile Include="D:\code\go\src\github.com\nats-io\cnats\src\status.c">
      <Filter>Source Files</Filter>
    </ClCompile>
    <ClCompile Include="D:\code\go\src\github.com\nats-io\cnats\src\sub.c">
      <Filter>Source Files</Filter>
    </ClCompile>
    <ClCompile Include="D:\code\go\src\github.com\nats-io\cnats\src\timer.c">
      <Filter>Source Files</Filter>
    </ClCompile>
    <ClCompile Include="D:\code\go\src\github.com\nats-io\cnats\src\url.c">
      <Filter>Source Files</Filter>
    </ClCompile>
    <ClCompile Include="D:\code\go\src\github.com\nats-io\cnats\src\util.c">
      <Filter>Source Files</Filter>
    </ClCompile>
    <ClCompile Include="D:\code\go\src\github.com\nats-io\cnats\src\win\cond.c">
      <Filter>Source Files</Filter>
    </ClCompile>
    <ClCompile Include="D:\code\go\src\github.com\nats-io\cnats\src\win\mutex.c">
      <Filter>Source Files</Filter>
    </ClCompile>
    <ClCompile Include="D:\code\go\src\github.com\nats-io\cnats\src\win\sock.c">
      <Filter>Source Files</Filter>
    </ClCompile>
    <ClCompile Include="D:\code\go\src\github.com\nats-io\cnats\src\win\strings.c">
      <Filter>Source Files</Filter>
    </ClCompile>
    <ClCompile Include="D:\code\go\src\github.com\nats-io\cnats\src\win\thread.c">
      <Filter>Source Files</Filter>
    </ClCompile>
  </ItemGroup>
  <ItemGroup>
    <CustomBuild Include="D:\code\go\src\github.com\nats-io\cnats\src\CMakeLists.txt" />
  </ItemGroup>
  <ItemGroup>
    <Filter Include="Source Files">
      <UniqueIdentifier>{2118AEFE-3353-326A-9A43-AE66D0F1A604}</UniqueIdentifier>
    </Filter>
  </ItemGroup>
</Project>
